
Microsoft Visual Studio Solution File, Format Version 12.00
# Visual Studio 2015
Project("{FAE04EC0-301F-11D3-BF4B-00C04F79EFBC}") = "HayDay-Project.CSharp.Plugins", "HayDay-Project.CSharp.Plugins.csproj", "{92B47A12-0C88-D3F9-782D-18CBD3785BE4}"
EndProject
Project("{FAE04EC0-301F-11D3-BF4B-00C04F79EFBC}") = "HayDay-Project.CSharp", "HayDay-Project.CSharp.csproj", "{C477E30B-8ED6-EB0F-09D8-F7555436F2F9}"
EndProject
Project("{FAE04EC0-301F-11D3-BF4B-00C04F79EFBC}") = "HayDay-Project.CSharp.Editor", "HayDay-Project.CSharp.Editor.csproj", "{F66DF73A-C1B6-C421-570E-8C3CE31F5B89}"
EndProject
Global
	GlobalSection(SolutionConfigurationPlatforms) = preSolution
		Debug|Any CPU = Debug|Any CPU
		Release|Any CPU = Release|Any CPU
	EndGlobalSection
	GlobalSection(ProjectConfigurationPlatforms) = postSolution
		{92B47A12-0C88-D3F9-782D-18CBD3785BE4}.Debug|Any CPU.ActiveCfg = Debug|Any CPU
		{92B47A12-0C88-D3F9-782D-18CBD3785BE4}.Debug|Any CPU.Build.0 = Debug|Any CPU
		{92B47A12-0C88-D3F9-782D-18CBD3785BE4}.Release|Any CPU.ActiveCfg = Release|Any CPU
		{92B47A12-0C88-D3F9-782D-18CBD3785BE4}.Release|Any CPU.Build.0 = Release|Any CPU
		{C477E30B-8ED6-EB0F-09D8-F7555436F2F9}.Debug|Any CPU.ActiveCfg = Debug|Any CPU
		{C477E30B-8ED6-EB0F-09D8-F7555436F2F9}.Debug|Any CPU.Build.0 = Debug|Any CPU
		{C477E30B-8ED6-EB0F-09D8-F7555436F2F9}.Release|Any CPU.ActiveCfg = Release|Any CPU
		{C477E30B-8ED6-EB0F-09D8-F7555436F2F9}.Release|Any CPU.Build.0 = Release|Any CPU
		{F66DF73A-C1B6-C421-570E-8C3CE31F5B89}.Debug|Any CPU.ActiveCfg = Debug|Any CPU
		{F66DF73A-C1B6-C421-570E-8C3CE31F5B89}.Debug|Any CPU.Build.0 = Debug|Any CPU
		{F66DF73A-C1B6-C421-570E-8C3CE31F5B89}.Release|Any CPU.ActiveCfg = Release|Any CPU
		{F66DF73A-C1B6-C421-570E-8C3CE31F5B89}.Release|Any CPU.Build.0 = Release|Any CPU
	EndGlobalSection
	GlobalSection(SolutionProperties) = preSolution
		HideSolutionNode = FALSE
	EndGlobalSection
EndGlobal
